
Microsoft Visual Studio Solution File, Format Version 12.00
# Visual Studio Version 17
VisualStudioVersion = 17.0.32014.148
MinimumVisualStudioVersion = 10.0.40219.1
Project("{FAE04EC0-301F-11D3-BF4B-00C04F79EFBC}") = "TestWebApp", "TestWebApp.csproj", "{F8740832-F559-4ADE-93C9-98ED7155F6BE}"
EndProject
Global
	GlobalSection(SolutionConfigurationPlatforms) = preSolution
		Debug|Any CPU = Debug|Any CPU
		Release|Any CPU = Release|Any CPU
	EndGlobalSection
	GlobalSection(ProjectConfigurationPlatforms) = postSolution
		{F8740832-F559-4ADE-93C9-98ED7155F6BE}.Debug|Any CPU.ActiveCfg = Debug|Any CPU
		{F8740832-F559-4ADE-93C9-98ED7155F6BE}.Debug|Any CPU.Build.0 = Debug|Any CPU
		{F8740832-F559-4ADE-93C9-98ED7155F6BE}.Release|Any CPU.ActiveCfg = Release|Any CPU
		{F8740832-F559-4ADE-93C9-98ED7155F6BE}.Release|Any CPU.Build.0 = Release|Any CPU
	EndGlobalSection
	GlobalSection(SolutionProperties) = preSolution
		HideSolutionNode = FALSE
	EndGlobalSection
	GlobalSection(ExtensibilityGlobals) = postSolution
		SolutionGuid = {A66C68DD-5D9C-463B-8893-1F7891788F37}
	EndGlobalSection
EndGlobal
